
Microsoft Visual Studio Solution File, Format Version 12.00
# Visual Studio Version 16
VisualStudioVersion = 16.0.29709.97
MinimumVisualStudioVersion = 10.0.40219.1
Project("{FAE04EC0-301F-11D3-BF4B-00C04F79EFBC}") = "14.02.2020-lesson", "14.02.2020-lesson\14.02.2020-lesson.csproj", "{B97540D7-F06A-4E88-A4EB-7A0A81B52895}"
EndProject
Global
	GlobalSection(SolutionConfigurationPlatforms) = preSolution
		Debug|Any CPU = Debug|Any CPU
		Release|Any CPU = Release|Any CPU
	EndGlobalSection
	GlobalSection(ProjectConfigurationPlatforms) = postSolution
		{B97540D7-F06A-4E88-A4EB-7A0A81B52895}.Debug|Any CPU.ActiveCfg = Debug|Any CPU
		{B97540D7-F06A-4E88-A4EB-7A0A81B52895}.Debug|Any CPU.Build.0 = Debug|Any CPU
		{B97540D7-F06A-4E88-A4EB-7A0A81B52895}.Release|Any CPU.ActiveCfg = Release|Any CPU
		{B97540D7-F06A-4E88-A4EB-7A0A81B52895}.Release|Any CPU.Build.0 = Release|Any CPU
	EndGlobalSection
	GlobalSection(SolutionProperties) = preSolution
		HideSolutionNode = FALSE
	EndGlobalSection
	GlobalSection(ExtensibilityGlobals) = postSolution
		SolutionGuid = {0AF6618E-AB3A-4B23-8158-B96389D761C8}
	EndGlobalSection
EndGlobal
